// !$*UTF8*$!
{
	archiveVersion = 1;
	classes = {
	};
	objectVersion = 46;
	objects = {

/* Begin PBXBuildFile section */
		53183AA6AE733A8D80B7FFE7 /* Pods_VK.framework in Frameworks */ = {isa = PBXBuildFile; fileRef = EC9504ECD0C0D5CED3B2A292 /* Pods_VK.framework */; };
		C701EC911F7A8F7400340AA9 /* AllFriendsController.swift in Sources */ = {isa = PBXBuildFile; fileRef = C701EC901F7A8F7400340AA9 /* AllFriendsController.swift */; };
		C701EC931F7A8F9A00340AA9 /* AllFriendsCell.swift in Sources */ = {isa = PBXBuildFile; fileRef = C701EC921F7A8F9A00340AA9 /* AllFriendsCell.swift */; };
		C701EC9B1F7A965C00340AA9 /* MyGroupsController.swift in Sources */ = {isa = PBXBuildFile; fileRef = C701EC9A1F7A965C00340AA9 /* MyGroupsController.swift */; };
		C701EC9D1F7A999700340AA9 /* AllGroupsController.swift in Sources */ = {isa = PBXBuildFile; fileRef = C701EC9C1F7A999700340AA9 /* AllGroupsController.swift */; };
		C701EC9F1F7A99AC00340AA9 /* AllGroupsCell.swift in Sources */ = {isa = PBXBuildFile; fileRef = C701EC9E1F7A99AC00340AA9 /* AllGroupsCell.swift */; };
		C72CDE901F7E882300ADB5BC /* VKLoginService.swift in Sources */ = {isa = PBXBuildFile; fileRef = C72CDE8F1F7E882300ADB5BC /* VKLoginService.swift */; };
		C72CDE921F7E886700ADB5BC /* VKFriendsService.swift in Sources */ = {isa = PBXBuildFile; fileRef = C72CDE911F7E886700ADB5BC /* VKFriendsService.swift */; };
		C72CDE941F7E88A100ADB5BC /* VKGroupsService.swift in Sources */ = {isa = PBXBuildFile; fileRef = C72CDE931F7E88A100ADB5BC /* VKGroupsService.swift */; };
		C72CDE9A1F811A2E00ADB5BC /* StartViewController.swift in Sources */ = {isa = PBXBuildFile; fileRef = C72CDE991F811A2E00ADB5BC /* StartViewController.swift */; };
		C78FC0E91F82E2C0008ED17D /* Utils.swift in Sources */ = {isa = PBXBuildFile; fileRef = C78FC0E81F82E2C0008ED17D /* Utils.swift */; };
		C78FC0EE1F82E504008ED17D /* MyGroupsCell.swift in Sources */ = {isa = PBXBuildFile; fileRef = C78FC0ED1F82E504008ED17D /* MyGroupsCell.swift */; };
		C78FC0F41F82E6DC008ED17D /* FotoFriendsViewCell.swift in Sources */ = {isa = PBXBuildFile; fileRef = C78FC0F31F82E6DC008ED17D /* FotoFriendsViewCell.swift */; };
		C78FC0F61F82E6F3008ED17D /* FotoFriendsViewController.swift in Sources */ = {isa = PBXBuildFile; fileRef = C78FC0F51F82E6F3008ED17D /* FotoFriendsViewController.swift */; };
		C78FC0F91F82EBF4008ED17D /* Mock Data.swift in Sources */ = {isa = PBXBuildFile; fileRef = C78FC0F81F82EBF4008ED17D /* Mock Data.swift */; };
		C79B395C1F6C15AF00AE9A02 /* AppDelegate.swift in Sources */ = {isa = PBXBuildFile; fileRef = C79B395B1F6C15AF00AE9A02 /* AppDelegate.swift */; };
		C79B39611F6C15AF00AE9A02 /* Main.storyboard in Resources */ = {isa = PBXBuildFile; fileRef = C79B395F1F6C15AF00AE9A02 /* Main.storyboard */; };
		C79B39631F6C15AF00AE9A02 /* Assets.xcassets in Resources */ = {isa = PBXBuildFile; fileRef = C79B39621F6C15AF00AE9A02 /* Assets.xcassets */; };
		C79B39661F6C15AF00AE9A02 /* LaunchScreen.storyboard in Resources */ = {isa = PBXBuildFile; fileRef = C79B39641F6C15AF00AE9A02 /* LaunchScreen.storyboard */; };
/* End PBXBuildFile section */

/* Begin PBXFileReference section */
		377207646A7AED3D094AFB95 /* Pods-VK.debug.xcconfig */ = {isa = PBXFileReference; includeInIndex = 1; lastKnownFileType = text.xcconfig; name = "Pods-VK.debug.xcconfig"; path = "Pods/Target Support Files/Pods-VK/Pods-VK.debug.xcconfig"; sourceTree = "<group>"; };
		A4961C1F6940D04283D44768 /* Pods-VK.release.xcconfig */ = {isa = PBXFileReference; includeInIndex = 1; lastKnownFileType = text.xcconfig; name = "Pods-VK.release.xcconfig"; path = "Pods/Target Support Files/Pods-VK/Pods-VK.release.xcconfig"; sourceTree = "<group>"; };
		C701EC901F7A8F7400340AA9 /* AllFriendsController.swift */ = {isa = PBXFileReference; fileEncoding = 4; lastKnownFileType = sourcecode.swift; path = AllFriendsController.swift; sourceTree = "<group>"; };
		C701EC921F7A8F9A00340AA9 /* AllFriendsCell.swift */ = {isa = PBXFileReference; fileEncoding = 4; lastKnownFileType = sourcecode.swift; path = AllFriendsCell.swift; sourceTree = "<group>"; };
		C701EC9A1F7A965C00340AA9 /* MyGroupsController.swift */ = {isa = PBXFileReference; fileEncoding = 4; lastKnownFileType = sourcecode.swift; path = MyGroupsController.swift; sourceTree = "<group>"; };
		C701EC9C1F7A999700340AA9 /* AllGroupsController.swift */ = {isa = PBXFileReference; fileEncoding = 4; lastKnownFileType = sourcecode.swift; path = AllGroupsController.swift; sourceTree = "<group>"; };
		C701EC9E1F7A99AC00340AA9 /* AllGroupsCell.swift */ = {isa = PBXFileReference; fileEncoding = 4; lastKnownFileType = sourcecode.swift; path = AllGroupsCell.swift; sourceTree = "<group>"; };
		C72CDE8F1F7E882300ADB5BC /* VKLoginService.swift */ = {isa = PBXFileReference; lastKnownFileType = sourcecode.swift; path = VKLoginService.swift; sourceTree = "<group>"; };
		C72CDE911F7E886700ADB5BC /* VKFriendsService.swift */ = {isa = PBXFileReference; lastKnownFileType = sourcecode.swift; path = VKFriendsService.swift; sourceTree = "<group>"; };
		C72CDE931F7E88A100ADB5BC /* VKGroupsService.swift */ = {isa = PBXFileReference; lastKnownFileType = sourcecode.swift; path = VKGroupsService.swift; sourceTree = "<group>"; };
		C72CDE991F811A2E00ADB5BC /* StartViewController.swift */ = {isa = PBXFileReference; lastKnownFileType = sourcecode.swift; path = StartViewController.swift; sourceTree = "<group>"; };
		C78FC0E81F82E2C0008ED17D /* Utils.swift */ = {isa = PBXFileReference; lastKnownFileType = sourcecode.swift; path = Utils.swift; sourceTree = "<group>"; };
		C78FC0ED1F82E504008ED17D /* MyGroupsCell.swift */ = {isa = PBXFileReference; lastKnownFileType = sourcecode.swift; path = MyGroupsCell.swift; sourceTree = "<group>"; };
		C78FC0F31F82E6DC008ED17D /* FotoFriendsViewCell.swift */ = {isa = PBXFileReference; lastKnownFileType = sourcecode.swift; path = FotoFriendsViewCell.swift; sourceTree = "<group>"; };
		C78FC0F51F82E6F3008ED17D /* FotoFriendsViewController.swift */ = {isa = PBXFileReference; lastKnownFileType = sourcecode.swift; path = FotoFriendsViewController.swift; sourceTree = "<group>"; };
		C78FC0F81F82EBF4008ED17D /* Mock Data.swift */ = {isa = PBXFileReference; lastKnownFileType = sourcecode.swift; path = "Mock Data.swift"; sourceTree = "<group>"; };
		C79B39581F6C15AF00AE9A02 /* VK.app */ = {isa = PBXFileReference; explicitFileType = wrapper.application; includeInIndex = 0; path = VK.app; sourceTree = BUILT_PRODUCTS_DIR; };
		C79B395B1F6C15AF00AE9A02 /* AppDelegate.swift */ = {isa = PBXFileReference; lastKnownFileType = sourcecode.swift; path = AppDelegate.swift; sourceTree = "<group>"; };
		C79B39601F6C15AF00AE9A02 /* Base */ = {isa = PBXFileReference; lastKnownFileType = file.storyboard; name = Base; path = Base.lproj/Main.storyboard; sourceTree = "<group>"; };
		C79B39621F6C15AF00AE9A02 /* Assets.xcassets */ = {isa = PBXFileReference; lastKnownFileType = folder.assetcatalog; path = Assets.xcassets; sourceTree = "<group>"; };
		C79B39651F6C15AF00AE9A02 /* Base */ = {isa = PBXFileReference; lastKnownFileType = file.storyboard; name = Base; path = Base.lproj/LaunchScreen.storyboard; sourceTree = "<group>"; };
		C79B39671F6C15AF00AE9A02 /* Info.plist */ = {isa = PBXFileReference; lastKnownFileType = text.plist.xml; path = Info.plist; sourceTree = "<group>"; };
		EC9504ECD0C0D5CED3B2A292 /* Pods_VK.framework */ = {isa = PBXFileReference; explicitFileType = wrapper.framework; includeInIndex = 0; path = Pods_VK.framework; sourceTree = BUILT_PRODUCTS_DIR; };
/* End PBXFileReference section */

/* Begin PBXFrameworksBuildPhase section */
		C79B39551F6C15AF00AE9A02 /* Frameworks */ = {
			isa = PBXFrameworksBuildPhase;
			buildActionMask = 2147483647;
			files = (
				53183AA6AE733A8D80B7FFE7 /* Pods_VK.framework in Frameworks */,
			);
			runOnlyForDeploymentPostprocessing = 0;
		};
/* End PBXFrameworksBuildPhase section */

/* Begin PBXGroup section */
		7C18ED5294CC873CF1836C2D /* Frameworks */ = {
			isa = PBXGroup;
			children = (
				EC9504ECD0C0D5CED3B2A292 /* Pods_VK.framework */,
			);
			name = Frameworks;
			sourceTree = "<group>";
		};
		C701EC8E1F7A8F2300340AA9 /* Friends */ = {
			isa = PBXGroup;
			children = (
				C701EC901F7A8F7400340AA9 /* AllFriendsController.swift */,
				C701EC921F7A8F9A00340AA9 /* AllFriendsCell.swift */,
				C78FC0F31F82E6DC008ED17D /* FotoFriendsViewCell.swift */,
				C78FC0F51F82E6F3008ED17D /* FotoFriendsViewController.swift */,
			);
			name = Friends;
			sourceTree = "<group>";
		};
		C701EC8F1F7A8F2D00340AA9 /* Groups */ = {
			isa = PBXGroup;
			children = (
				C701EC9C1F7A999700340AA9 /* AllGroupsController.swift */,
				C701EC9E1F7A99AC00340AA9 /* AllGroupsCell.swift */,
			);
			name = Groups;
			sourceTree = "<group>";
		};
		C72CDE8E1F7E86D600ADB5BC /* Services */ = {
			isa = PBXGroup;
			children = (
				C72CDE8F1F7E882300ADB5BC /* VKLoginService.swift */,
				C72CDE911F7E886700ADB5BC /* VKFriendsService.swift */,
				C72CDE931F7E88A100ADB5BC /* VKGroupsService.swift */,
			);
			name = Services;
			sourceTree = "<group>";
		};
		C78FC0E71F82E270008ED17D /* Utils */ = {
			isa = PBXGroup;
			children = (
				C78FC0E81F82E2C0008ED17D /* Utils.swift */,
			);
			name = Utils;
			sourceTree = "<group>";
		};
		C78FC0EA1F82E3C9008ED17D /* My Groups */ = {
			isa = PBXGroup;
			children = (
				C701EC9A1F7A965C00340AA9 /* MyGroupsController.swift */,
				C78FC0ED1F82E504008ED17D /* MyGroupsCell.swift */,
			);
			name = "My Groups";
			sourceTree = "<group>";
		};
		C78FC0F71F82EBC0008ED17D /* Mock Data */ = {
			isa = PBXGroup;
			children = (
				C78FC0F81F82EBF4008ED17D /* Mock Data.swift */,
			);
			name = "Mock Data";
			sourceTree = "<group>";
		};
		C79B394F1F6C15AF00AE9A02 = {
			isa = PBXGroup;
			children = (
				C79B395A1F6C15AF00AE9A02 /* VK */,
				C79B39591F6C15AF00AE9A02 /* Products */,
				F741E6552D3DDD0A2ED932D5 /* Pods */,
				7C18ED5294CC873CF1836C2D /* Frameworks */,
			);
			sourceTree = "<group>";
		};
		C79B39591F6C15AF00AE9A02 /* Products */ = {
			isa = PBXGroup;
			children = (
				C79B39581F6C15AF00AE9A02 /* VK.app */,
			);
			name = Products;
			sourceTree = "<group>";
		};
		C79B395A1F6C15AF00AE9A02 /* VK */ = {
			isa = PBXGroup;
			children = (
				C78FC0F71F82EBC0008ED17D /* Mock Data */,
				C78FC0E71F82E270008ED17D /* Utils */,
				C72CDE8E1F7E86D600ADB5BC /* Services */,
				C701EC8F1F7A8F2D00340AA9 /* Groups */,
				C78FC0EA1F82E3C9008ED17D /* My Groups */,
				C701EC8E1F7A8F2300340AA9 /* Friends */,
				C79B395B1F6C15AF00AE9A02 /* AppDelegate.swift */,
				C72CDE991F811A2E00ADB5BC /* StartViewController.swift */,
				C79B395F1F6C15AF00AE9A02 /* Main.storyboard */,
				C79B39621F6C15AF00AE9A02 /* Assets.xcassets */,
				C79B39641F6C15AF00AE9A02 /* LaunchScreen.storyboard */,
				C79B39671F6C15AF00AE9A02 /* Info.plist */,
			);
			path = VK;
			sourceTree = "<group>";
		};
		F741E6552D3DDD0A2ED932D5 /* Pods */ = {
			isa = PBXGroup;
			children = (
				377207646A7AED3D094AFB95 /* Pods-VK.debug.xcconfig */,
				A4961C1F6940D04283D44768 /* Pods-VK.release.xcconfig */,
			);
			name = Pods;
			sourceTree = "<group>";
		};
/* End PBXGroup section */

/* Begin PBXNativeTarget section */
		C79B39571F6C15AF00AE9A02 /* VK */ = {
			isa = PBXNativeTarget;
			buildConfigurationList = C79B396A1F6C15AF00AE9A02 /* Build configuration list for PBXNativeTarget "VK" */;
			buildPhases = (
				31FB8D99F6224A587F032625 /* [CP] Check Pods Manifest.lock */,
				C79B39541F6C15AF00AE9A02 /* Sources */,
				C79B39551F6C15AF00AE9A02 /* Frameworks */,
				C79B39561F6C15AF00AE9A02 /* Resources */,
				421F424C31843E33B1FD768B /* [CP] Embed Pods Frameworks */,
				4523C14614589417E23D9B35 /* [CP] Copy Pods Resources */,
			);
			buildRules = (
			);
			dependencies = (
			);
			name = VK;
			productName = VK;
			productReference = C79B39581F6C15AF00AE9A02 /* VK.app */;
			productType = "com.apple.product-type.application";
		};
/* End PBXNativeTarget section */

/* Begin PBXProject section */
		C79B39501F6C15AF00AE9A02 /* Project object */ = {
			isa = PBXProject;
			attributes = {
				LastSwiftUpdateCheck = 0830;
				LastUpgradeCheck = 0830;
				ORGANIZATIONNAME = " Алёна Бенецкая";
				TargetAttributes = {
					C79B39571F6C15AF00AE9A02 = {
						CreatedOnToolsVersion = 8.3.3;
						DevelopmentTeam = 2UC5J5K2L7;
						ProvisioningStyle = Automatic;
					};
				};
			};
			buildConfigurationList = C79B39531F6C15AF00AE9A02 /* Build configuration list for PBXProject "VK" */;
			compatibilityVersion = "Xcode 3.2";
			developmentRegion = English;
			hasScannedForEncodings = 0;
			knownRegions = (
				en,
				Base,
			);
			mainGroup = C79B394F1F6C15AF00AE9A02;
			productRefGroup = C79B39591F6C15AF00AE9A02 /* Products */;
			projectDirPath = "";
			projectRoot = "";
			targets = (
				C79B39571F6C15AF00AE9A02 /* VK */,
			);
		};
/* End PBXProject section */

/* Begin PBXResourcesBuildPhase section */
		C79B39561F6C15AF00AE9A02 /* Resources */ = {
			isa = PBXResourcesBuildPhase;
			buildActionMask = 2147483647;
			files = (
				C79B39661F6C15AF00AE9A02 /* LaunchScreen.storyboard in Resources */,
				C79B39631F6C15AF00AE9A02 /* Assets.xcassets in Resources */,
				C79B39611F6C15AF00AE9A02 /* Main.storyboard in Resources */,
			);
			runOnlyForDeploymentPostprocessing = 0;
		};
/* End PBXResourcesBuildPhase section */

/* Begin PBXShellScriptBuildPhase section */
		31FB8D99F6224A587F032625 /* [CP] Check Pods Manifest.lock */ = {
			isa = PBXShellScriptBuildPhase;
			buildActionMask = 2147483647;
			files = (
			);
			inputPaths = (
				"${PODS_PODFILE_DIR_PATH}/Podfile.lock",
				"${PODS_ROOT}/Manifest.lock",
			);
			name = "[CP] Check Pods Manifest.lock";
			outputPaths = (
				"$(DERIVED_FILE_DIR)/Pods-VK-checkManifestLockResult.txt",
			);
			runOnlyForDeploymentPostprocessing = 0;
			shellPath = /bin/sh;
			shellScript = "diff \"${PODS_PODFILE_DIR_PATH}/Podfile.lock\" \"${PODS_ROOT}/Manifest.lock\" > /dev/null\nif [ $? != 0 ] ; then\n    # print error to STDERR\n    echo \"error: The sandbox is not in sync with the Podfile.lock. Run 'pod install' or update your CocoaPods installation.\" >&2\n    exit 1\nfi\n# This output is used by Xcode 'outputs' to avoid re-running this script phase.\necho \"SUCCESS\" > \"${SCRIPT_OUTPUT_FILE_0}\"\n";
			showEnvVarsInLog = 0;
		};
		421F424C31843E33B1FD768B /* [CP] Embed Pods Frameworks */ = {
			isa = PBXShellScriptBuildPhase;
			buildActionMask = 2147483647;
			files = (
			);
			inputPaths = (
				"${SRCROOT}/Pods/Target Support Files/Pods-VK/Pods-VK-frameworks.sh",
				"${BUILT_PRODUCTS_DIR}/Alamofire/Alamofire.framework",
				"${BUILT_PRODUCTS_DIR}/Realm/Realm.framework",
				"${BUILT_PRODUCTS_DIR}/RealmSwift/RealmSwift.framework",
				"${BUILT_PRODUCTS_DIR}/SwiftyJSON/SwiftyJSON.framework",
			);
			name = "[CP] Embed Pods Frameworks";
			outputPaths = (
				"${TARGET_BUILD_DIR}/${FRAMEWORKS_FOLDER_PATH}/Alamofire.framework",
				"${TARGET_BUILD_DIR}/${FRAMEWORKS_FOLDER_PATH}/Realm.framework",
				"${TARGET_BUILD_DIR}/${FRAMEWORKS_FOLDER_PATH}/RealmSwift.framework",
				"${TARGET_BUILD_DIR}/${FRAMEWORKS_FOLDER_PATH}/SwiftyJSON.framework",
			);
			runOnlyForDeploymentPostprocessing = 0;
			shellPath = /bin/sh;
			shellScript = "\"${SRCROOT}/Pods/Target Support Files/Pods-VK/Pods-VK-frameworks.sh\"\n";
			showEnvVarsInLog = 0;
		};
		4523C14614589417E23D9B35 /* [CP] Copy Pods Resources */ = {
			isa = PBXShellScriptBuildPhase;
			buildActionMask = 2147483647;
			files = (
			);
			inputPaths = (
			);
			name = "[CP] Copy Pods Resources";
			outputPaths = (
			);
			runOnlyForDeploymentPostprocessing = 0;
			shellPath = /bin/sh;
			shellScript = "\"${SRCROOT}/Pods/Target Support Files/Pods-VK/Pods-VK-resources.sh\"\n";
			showEnvVarsInLog = 0;
		};
/* End PBXShellScriptBuildPhase section */

/* Begin PBXSourcesBuildPhase section */
		C79B39541F6C15AF00AE9A02 /* Sources */ = {
			isa = PBXSourcesBuildPhase;
			buildActionMask = 2147483647;
			files = (
				C701EC9D1F7A999700340AA9 /* AllGroupsController.swift in Sources */,
				C72CDE941F7E88A100ADB5BC /* VKGroupsService.swift in Sources */,
				C701EC9B1F7A965C00340AA9 /* MyGroupsController.swift in Sources */,
				C78FC0F41F82E6DC008ED17D /* FotoFriendsViewCell.swift in Sources */,
				C72CDE9A1F811A2E00ADB5BC /* StartViewController.swift in Sources */,
				C701EC911F7A8F7400340AA9 /* AllFriendsController.swift in Sources */,
				C79B395C1F6C15AF00AE9A02 /* AppDelegate.swift in Sources */,
				C72CDE921F7E886700ADB5BC /* VKFriendsService.swift in Sources */,
				C72CDE901F7E882300ADB5BC /* VKLoginService.swift in Sources */,
				C701EC931F7A8F9A00340AA9 /* AllFriendsCell.swift in Sources */,
				C78FC0F91F82EBF4008ED17D /* Mock Data.swift in Sources */,
				C78FC0E91F82E2C0008ED17D /* Utils.swift in Sources */,
				C701EC9F1F7A99AC00340AA9 /* AllGroupsCell.swift in Sources */,
				C78FC0F61F82E6F3008ED17D /* FotoFriendsViewController.swift in Sources */,
				C78FC0EE1F82E504008ED17D /* MyGroupsCell.swift in Sources */,
			);
			runOnlyForDeploymentPostprocessing = 0;
		};
/* End PBXSourcesBuildPhase section */

/* Begin PBXVariantGroup section */
		C79B395F1F6C15AF00AE9A02 /* Main.storyboard */ = {
			isa = PBXVariantGroup;
			children = (
				C79B39601F6C15AF00AE9A02 /* Base */,
			);
			name = Main.storyboard;
			sourceTree = "<group>";
		};
		C79B39641F6C15AF00AE9A02 /* LaunchScreen.storyboard */ = {
			isa = PBXVariantGroup;
			children = (
				C79B39651F6C15AF00AE9A02 /* Base */,
			);
			name = LaunchScreen.storyboard;
			sourceTree = "<group>";
		};
/* End PBXVariantGroup section */

/* Begin XCBuildConfiguration section */
		C79B39681F6C15AF00AE9A02 /* Debug */ = {
			isa = XCBuildConfiguration;
			buildSettings = {
				ALWAYS_SEARCH_USER_PATHS = NO;
				CLANG_ANALYZER_NONNULL = YES;
				CLANG_ANALYZER_NUMBER_OBJECT_CONVERSION = YES_AGGRESSIVE;
				CLANG_CXX_LANGUAGE_STANDARD = "gnu++0x";
				CLANG_CXX_LIBRARY = "libc++";
				CLANG_ENABLE_MODULES = YES;
				CLANG_ENABLE_OBJC_ARC = YES;
				CLANG_WARN_BOOL_CONVERSION = YES;
				CLANG_WARN_CONSTANT_CONVERSION = YES;
				CLANG_WARN_DIRECT_OBJC_ISA_USAGE = YES_ERROR;
				CLANG_WARN_DOCUMENTATION_COMMENTS = YES;
				CLANG_WARN_EMPTY_BODY = YES;
				CLANG_WARN_ENUM_CONVERSION = YES;
				CLANG_WARN_INFINITE_RECURSION = YES;
				CLANG_WARN_INT_CONVERSION = YES;
				CLANG_WARN_OBJC_ROOT_CLASS = YES_ERROR;
				CLANG_WARN_SUSPICIOUS_MOVE = YES;
				CLANG_WARN_UNREACHABLE_CODE = YES;
				CLANG_WARN__DUPLICATE_METHOD_MATCH = YES;
				"CODE_SIGN_IDENTITY[sdk=iphoneos*]" = "iPhone Developer";
				COPY_PHASE_STRIP = NO;
				DEBUG_INFORMATION_FORMAT = dwarf;
				ENABLE_STRICT_OBJC_MSGSEND = YES;
				ENABLE_TESTABILITY = YES;
				GCC_C_LANGUAGE_STANDARD = gnu99;
				GCC_DYNAMIC_NO_PIC = NO;
				GCC_NO_COMMON_BLOCKS = YES;
				GCC_OPTIMIZATION_LEVEL = 0;
				GCC_PREPROCESSOR_DEFINITIONS = (
					"DEBUG=1",
					"$(inherited)",
				);
				GCC_WARN_64_TO_32_BIT_CONVERSION = YES;
				GCC_WARN_ABOUT_RETURN_TYPE = YES_ERROR;
				GCC_WARN_UNDECLARED_SELECTOR = YES;
				GCC_WARN_UNINITIALIZED_AUTOS = YES_AGGRESSIVE;
				GCC_WARN_UNUSED_FUNCTION = YES;
				GCC_WARN_UNUSED_VARIABLE = YES;
				IPHONEOS_DEPLOYMENT_TARGET = 10.3;
				MTL_ENABLE_DEBUG_INFO = YES;
				ONLY_ACTIVE_ARCH = YES;
				SDKROOT = iphoneos;
				SWIFT_ACTIVE_COMPILATION_CONDITIONS = DEBUG;
				SWIFT_OPTIMIZATION_LEVEL = "-Onone";
				TARGETED_DEVICE_FAMILY = "1,2";
			};
			name = Debug;
		};
		C79B39691F6C15AF00AE9A02 /* Release */ = {
			isa = XCBuildConfiguration;
			buildSettings = {
				ALWAYS_SEARCH_USER_PATHS = NO;
				CLANG_ANALYZER_NONNULL = YES;
				CLANG_ANALYZER_NUMBER_OBJECT_CONVERSION = YES_AGGRESSIVE;
				CLANG_CXX_LANGUAGE_STANDARD = "gnu++0x";
				CLANG_CXX_LIBRARY = "libc++";
				CLANG_ENABLE_MODULES = YES;
				CLANG_ENABLE_OBJC_ARC = YES;
				CLANG_WARN_BOOL_CONVERSION = YES;
				CLANG_WARN_CONSTANT_CONVERSION = YES;
				CLANG_WARN_DIRECT_OBJC_ISA_USAGE = YES_ERROR;
				CLANG_WARN_DOCUMENTATION_COMMENTS = YES;
				CLANG_WARN_EMPTY_BODY = YES;
				CLANG_WARN_ENUM_CONVERSION = YES;
				CLANG_WARN_INFINITE_RECURSION = YES;
				CLANG_WARN_INT_CONVERSION = YES;
				CLANG_WARN_OBJC_ROOT_CLASS = YES_ERROR;
				CLANG_WARN_SUSPICIOUS_MOVE = YES;
				CLANG_WARN_UNREACHABLE_CODE = YES;
				CLANG_WARN__DUPLICATE_METHOD_MATCH = YES;
				"CODE_SIGN_IDENTITY[sdk=iphoneos*]" = "iPhone Developer";
				COPY_PHASE_STRIP = NO;
				DEBUG_INFORMATION_FORMAT = "dwarf-with-dsym";
				ENABLE_NS_ASSERTIONS = NO;
				ENABLE_STRICT_OBJC_MSGSEND = YES;
				GCC_C_LANGUAGE_STANDARD = gnu99;
				GCC_NO_COMMON_BLOCKS = YES;
				GCC_WARN_64_TO_32_BIT_CONVERSION = YES;
				GCC_WARN_ABOUT_RETURN_TYPE = YES_ERROR;
				GCC_WARN_UNDECLARED_SELECTOR = YES;
				GCC_WARN_UNINITIALIZED_AUTOS = YES_AGGRESSIVE;
				GCC_WARN_UNUSED_FUNCTION = YES;
				GCC_WARN_UNUSED_VARIABLE = YES;
				IPHONEOS_DEPLOYMENT_TARGET = 10.3;
				MTL_ENABLE_DEBUG_INFO = NO;
				SDKROOT = iphoneos;
				SWIFT_OPTIMIZATION_LEVEL = "-Owholemodule";
				TARGETED_DEVICE_FAMILY = "1,2";
				VALIDATE_PRODUCT = YES;
			};
			name = Release;
		};
		C79B396B1F6C15AF00AE9A02 /* Debug */ = {
			isa = XCBuildConfiguration;
			baseConfigurationReference = 377207646A7AED3D094AFB95 /* Pods-VK.debug.xcconfig */;
			buildSettings = {
				ASSETCATALOG_COMPILER_APPICON_NAME = AppIcon;
				DEVELOPMENT_TEAM = 2UC5J5K2L7;
				INFOPLIST_FILE = VK/Info.plist;
				IPHONEOS_DEPLOYMENT_TARGET = 11.0;
				LD_RUNPATH_SEARCH_PATHS = "$(inherited) @executable_path/Frameworks";
				PRODUCT_BUNDLE_IDENTIFIER = UGB.VK;
				PRODUCT_NAME = "$(TARGET_NAME)";
				SWIFT_VERSION = 3.0;
			};
			name = Debug;
		};
		C79B396C1F6C15AF00AE9A02 /* Release */ = {
			isa = XCBuildConfiguration;
			baseConfigurationReference = A4961C1F6940D04283D44768 /* Pods-VK.release.xcconfig */;
			buildSettings = {
				ASSETCATALOG_COMPILER_APPICON_NAME = AppIcon;
				DEVELOPMENT_TEAM = 2UC5J5K2L7;
				INFOPLIST_FILE = VK/Info.plist;
				IPHONEOS_DEPLOYMENT_TARGET = 11.0;
				LD_RUNPATH_SEARCH_PATHS = "$(inherited) @executable_path/Frameworks";
				PRODUCT_BUNDLE_IDENTIFIER = UGB.VK;
				PRODUCT_NAME = "$(TARGET_NAME)";
				SWIFT_VERSION = 3.0;
			};
			name = Release;
		};
/* End XCBuildConfiguration section */

/* Begin XCConfigurationList section */
		C79B39531F6C15AF00AE9A02 /* Build configuration list for PBXProject "VK" */ = {
			isa = XCConfigurationList;
			buildConfigurations = (
				C79B39681F6C15AF00AE9A02 /* Debug */,
				C79B39691F6C15AF00AE9A02 /* Release */,
			);
			defaultConfigurationIsVisible = 0;
			defaultConfigurationName = Release;
		};
		C79B396A1F6C15AF00AE9A02 /* Build configuration list for PBXNativeTarget "VK" */ = {
			isa = XCConfigurationList;
			buildConfigurations = (
				C79B396B1F6C15AF00AE9A02 /* Debug */,
				C79B396C1F6C15AF00AE9A02 /* Release */,
			);
			defaultConfigurationIsVisible = 0;
			defaultConfigurationName = Release;
		};
/* End XCConfigurationList section */
	};
	rootObject = C79B39501F6C15AF00AE9A02 /* Project object */;
}
